
Microsoft Visual Studio Solution File, Format Version 12.00
# Visual Studio Version 17
VisualStudioVersion = 17.13.35806.99 d17.13
MinimumVisualStudioVersion = 10.0.40219.1
Project("{FAE04EC0-301F-11D3-BF4B-00C04F79EFBC}") = "Ejercicios 2", "Ejercicios 2.csproj", "{AABFE8FF-55D3-4DFF-85E9-2472270B3546}"
EndProject
Global
	GlobalSection(SolutionConfigurationPlatforms) = preSolution
		Debug|Any CPU = Debug|Any CPU
		Release|Any CPU = Release|Any CPU
	EndGlobalSection
	GlobalSection(ProjectConfigurationPlatforms) = postSolution
		{AABFE8FF-55D3-4DFF-85E9-2472270B3546}.Debug|Any CPU.ActiveCfg = Debug|Any CPU
		{AABFE8FF-55D3-4DFF-85E9-2472270B3546}.Debug|Any CPU.Build.0 = Debug|Any CPU
		{AABFE8FF-55D3-4DFF-85E9-2472270B3546}.Release|Any CPU.ActiveCfg = Release|Any CPU
		{AABFE8FF-55D3-4DFF-85E9-2472270B3546}.Release|Any CPU.Build.0 = Release|Any CPU
	EndGlobalSection
	GlobalSection(SolutionProperties) = preSolution
		HideSolutionNode = FALSE
	EndGlobalSection
	GlobalSection(ExtensibilityGlobals) = postSolution
		SolutionGuid = {0B5DB3AC-7FCD-4828-B031-8D23A1D31B5D}
	EndGlobalSection
EndGlobal
